{
  "name": "@easysch/research-engine",
  "version": "0.1.0",
  "lockfileVersion": 3,
  "requires": true,
  "packages": {
    "": {
      "name": "@easysch/research-engine",
      "version": "0.1.0",
      "license": "AGPL-3.0-or-later",
      "dependencies": {
        "@deepseek-ai/cordis": "4.0.2",
        "@deepseek-ai/dsh-system-prompt": "0.0.1-rc.5",
        "@deepseek-ai/dsh-tools": "0.0.1-rc.1",
        "pptxgenjs": "4.0.1"
      },
      "devDependencies": {
        "jszip": "3.10.1"
      },
      "engines": {
        "node": ">=22"
      }
    },
    "node_modules/@deepseek-ai/cordis": {
      "version": "4.0.2",
      "resolved": "https://registry.npmjs.org/@deepseek-ai/cordis/-/cordis-4.0.2.tgz",
      "integrity": "sha512-asOnXP1TzFSFQlHb1iegDZp0z/8WD1c7YNrwJR/Tx2bzNuMXfcekE/I67Iv6SQXeLB4csxqCngzQKANP7gdw0g==",
      "license": "MIT",
      "dependencies": {
        "@deepseek-ai/cosmokit": "^1.8.3",
        "@standard-schema/spec": "^1.1.0"
      },
      "bin": {
        "cordis": "bin.js"
      },
      "peerDependencies": {
        "@deepseek-ai/cordis-plugin-include": "^1.0.7",
        "@deepseek-ai/cordis-plugin-loader": "^1.0.3"
      },
      "peerDependenciesMeta": {
        "@deepseek-ai/cordis-plugin-include": {
          "optional": true
        },
        "@deepseek-ai/cordis-plugin-loader": {
          "optional": true
        }
      }
    },
    "node_modules/@deepseek-ai/cosmokit": {
      "version": "1.8.3",
      "resolved": "https://registry.npmjs.org/@deepseek-ai/cosmokit/-/cosmokit-1.8.3.tgz",
      "integrity": "sha512-qBo+ronVM6Eu2WNVJXi8JcMiqZ19T9BRIpV+5qJUFPXjGH/Z0QKcQMC/IZJ7L394YTOtJgcovbk9qP0w2GsBXQ==",
      "license": "MIT"
    },
    "node_modules/@deepseek-ai/dsh-agent": {
      "version": "0.0.1-rc.5",
      "resolved": "https://registry.npmjs.org/@deepseek-ai/dsh-agent/-/dsh-agent-0.0.1-rc.5.tgz",
      "integrity": "sha512-eJoG89GRf8d7SCjGiSsC5g0fPijuNnJWIis5MmzIRoPSEv73PFOYs+EBHDEpPCQkFNmQjYtviiFhbhNPg9+3CQ==",
      "license": "BSD-3-Clause",
      "peer": true,
      "peerDependencies": {
        "@deepseek-ai/cordis": "^4.0.1-rc.4",
        "@deepseek-ai/dsh-invariants": "^0.0.1-rc.5",
        "@deepseek-ai/dsh-llm": "^0.0.1-rc.5",
        "@deepseek-ai/dsh-scope": "^0.0.1-rc.5",
        "@deepseek-ai/dsh-session": "^0.0.1-rc.5",
        "@deepseek-ai/dsh-system-prompt": "^0.0.1-rc.5",
        "@deepseek-ai/dsh-typert-protocol": "^0.0.1-rc.5"
      }
    },
    "node_modules/@deepseek-ai/dsh-attachment": {
      "version": "0.0.1-rc.5",
      "resolved": "https://registry.npmjs.org/@deepseek-ai/dsh-attachment/-/dsh-attachment-0.0.1-rc.5.tgz",
      "integrity": "sha512-mjv3gtW39nFJX0MQHZlW9PBlZVLDUZ5HqCfr2gr+ypPQ86RNtHzmLI/9XHF0xcMkT8VMCs6x53bipi87BEQMCg==",
      "license": "BSD-3-Clause",
      "peer": true,
      "peerDependencies": {
        "@deepseek-ai/cordis": "^4.0.1-rc.4",
        "@deepseek-ai/dsh-brand": "^0.0.1-rc.5",
        "@deepseek-ai/dsh-invariants": "^0.0.1-rc.5"
      }
    },
    "node_modules/@deepseek-ai/dsh-brand": {
      "version": "0.0.1-rc.5",
      "resolved": "https://registry.npmjs.org/@deepseek-ai/dsh-brand/-/dsh-brand-0.0.1-rc.5.tgz",
      "integrity": "sha512-aVHMvG5hYLYIXUsvf9mfi0Fvr8w3oU6y1qbhiOiWUVSQu2pKkFgiKJGPIHhMLoj0q4IkewNvsVFQeECdsLLXYg==",
      "license": "BSD-3-Clause",
      "peer": true,
      "peerDependencies": {
        "@deepseek-ai/cordis": "^4.0.1-rc.4",
        "@deepseek-ai/dsh-invariants": "^0.0.1-rc.5"
      }
    },
    "node_modules/@deepseek-ai/dsh-code-runtime": {
      "version": "0.0.1-rc.1",
      "resolved": "https://registry.npmjs.org/@deepseek-ai/dsh-code-runtime/-/dsh-code-runtime-0.0.1-rc.1.tgz",
      "integrity": "sha512-lfHc2HevlivlnKWt876s1rOSov5PyR9tPpPiQFEs46jREF5JjwMdE8yTUbpEnBt9A97NZ+vKl2o7LbqVZPSSxg==",
      "license": "BSD-3-Clause",
      "peer": true,
      "peerDependencies": {
        "@deepseek-ai/cordis": "^4.0.1-rc.1",
        "@deepseek-ai/dsh-invariants": "^0.0.1-rc.1"
      }
    },
    "node_modules/@deepseek-ai/dsh-invariants": {
      "version": "0.0.1-rc.5",
      "resolved": "https://registry.npmjs.org/@deepseek-ai/dsh-invariants/-/dsh-invariants-0.0.1-rc.5.tgz",
      "integrity": "sha512-63LTrIMPAeJowv5E9Sr87w1SPs1Ign2/ofr+LPdrgAi4Pi32YFK9o4vSVv7osRHAIzlwxRCoFksythq+Jire3w==",
      "license": "BSD-3-Clause",
      "peer": true,
      "dependencies": {
        "@deepseek-ai/schemastery": "^3.18.1-rc.4"
      },
      "peerDependencies": {
        "@deepseek-ai/cordis": "^4.0.1-rc.4"
      }
    },
    "node_modules/@deepseek-ai/dsh-llm": {
      "version": "0.0.1-rc.5",
      "resolved": "https://registry.npmjs.org/@deepseek-ai/dsh-llm/-/dsh-llm-0.0.1-rc.5.tgz",
      "integrity": "sha512-+w+bYuimnZZwQshdEkZynFPH9FwYfRrEDkgnBshfkjDe1nqqH3h/K6amu8pcIZ2J8XaI6osAImyz7BAAuN589g==",
      "license": "BSD-3-Clause",
      "peer": true,
      "dependencies": {
        "@deepseek-ai/schemastery": "^3.18.1-rc.4"
      },
      "peerDependencies": {
        "@deepseek-ai/cordis": "^4.0.1-rc.4",
        "@deepseek-ai/dsh-attachment": "^0.0.1-rc.5",
        "@deepseek-ai/dsh-brand": "^0.0.1-rc.5",
        "@deepseek-ai/dsh-invariants": "^0.0.1-rc.5",
        "@deepseek-ai/dsh-timeout": "^0.0.1-rc.5"
      }
    },
    "node_modules/@deepseek-ai/dsh-scope": {
      "version": "0.0.1-rc.5",
      "resolved": "https://registry.npmjs.org/@deepseek-ai/dsh-scope/-/dsh-scope-0.0.1-rc.5.tgz",
      "integrity": "sha512-9dPbw8Lj2VMmbFqUKMlzhudSN/Z5xVY6otDMSKBqnF88WnOugslZXkYToOMQO8EUEJorE0d0M+aUAq4titzOwA==",
      "license": "BSD-3-Clause",
      "peer": true,
      "peerDependencies": {
        "@deepseek-ai/cordis": "^4.0.1-rc.4",
        "@deepseek-ai/dsh-invariants": "^0.0.1-rc.5"
      }
    },
    "node_modules/@deepseek-ai/dsh-session": {
      "version": "0.0.1-rc.5",
      "resolved": "https://registry.npmjs.org/@deepseek-ai/dsh-session/-/dsh-session-0.0.1-rc.5.tgz",
      "integrity": "sha512-/xFNk3scb0KXGKW9vjpW4drNTHVJYEw5gdW8xOPbgO+8/4AEtrS2m69P5ancdgcpufheLgJQ1H6sacFUAP1IpQ==",
      "license": "BSD-3-Clause",
      "peer": true,
      "peerDependencies": {
        "@deepseek-ai/cordis": "^4.0.1-rc.4",
        "@deepseek-ai/dsh-brand": "^0.0.1-rc.5",
        "@deepseek-ai/dsh-invariants": "^0.0.1-rc.5",
        "@deepseek-ai/dsh-llm": "^0.0.1-rc.5",
        "@deepseek-ai/dsh-scope": "^0.0.1-rc.5",
        "@deepseek-ai/dsh-typert-protocol": "^0.0.1-rc.5"
      }
    },
    "node_modules/@deepseek-ai/dsh-system-prompt": {
      "version": "0.0.1-rc.5",
      "resolved": "https://registry.npmjs.org/@deepseek-ai/dsh-system-prompt/-/dsh-system-prompt-0.0.1-rc.5.tgz",
      "integrity": "sha512-IMB3dT8ErPWq15tIXdItQ+OOzHKYdLGl6vwNkeZf2n3hlw0bxDzj1AmLCgE4vDByDue9BQTWl4cMfNN0NxVMfA==",
      "license": "BSD-3-Clause",
      "dependencies": {
        "@deepseek-ai/schemastery": "^3.18.1-rc.4"
      },
      "peerDependencies": {
        "@deepseek-ai/cordis": "^4.0.1-rc.4",
        "@deepseek-ai/dsh-invariants": "^0.0.1-rc.5",
        "@deepseek-ai/dsh-llm": "^0.0.1-rc.5",
        "@deepseek-ai/dsh-scope": "^0.0.1-rc.5"
      }
    },
    "node_modules/@deepseek-ai/dsh-timeout": {
      "version": "0.0.1-rc.5",
      "resolved": "https://registry.npmjs.org/@deepseek-ai/dsh-timeout/-/dsh-timeout-0.0.1-rc.5.tgz",
      "integrity": "sha512-SxuBtgHCQx5bOqua/U/5H2jMio8w1SXpjcDqmd0WBZ7OvmgnLovvbmCrEQeH0jtbkqL25yEZ/dDCr6cE27Pi5Q==",
      "license": "BSD-3-Clause",
      "peer": true,
      "peerDependencies": {
        "@deepseek-ai/cordis": "^4.0.1-rc.4",
        "@deepseek-ai/dsh-invariants": "^0.0.1-rc.5"
      }
    },
    "node_modules/@deepseek-ai/dsh-tools": {
      "version": "0.0.1-rc.1",
      "resolved": "https://registry.npmjs.org/@deepseek-ai/dsh-tools/-/dsh-tools-0.0.1-rc.1.tgz",
      "integrity": "sha512-mrtq+UXc6UVidrGo4GM8RAH0Gqc4iFOmtPeQAz59Phhjl3EmzkFI0Mo6dQlHQamrc2J9jppPtGtUzW9qHmwxDQ==",
      "license": "BSD-3-Clause",
      "dependencies": {
        "@deepseek-ai/schemastery": "^3.18.1-rc.1"
      },
      "peerDependencies": {
        "@deepseek-ai/cordis": "^4.0.1-rc.1",
        "@deepseek-ai/dsh-agent": "^0.0.1-rc.1",
        "@deepseek-ai/dsh-code-runtime": "^0.0.1-rc.1",
        "@deepseek-ai/dsh-invariants": "^0.0.1-rc.1",
        "@deepseek-ai/dsh-llm": "^0.0.1-rc.1",
        "@deepseek-ai/dsh-scope": "^0.0.1-rc.1",
        "@deepseek-ai/dsh-session": "^0.0.1-rc.1",
        "@deepseek-ai/dsh-system-prompt": "^0.0.1-rc.1",
        "@deepseek-ai/dsh-user-approval": "^0.0.1-rc.1"
      }
    },
    "node_modules/@deepseek-ai/dsh-typert-protocol": {
      "version": "0.0.1-rc.5",
      "resolved": "https://registry.npmjs.org/@deepseek-ai/dsh-typert-protocol/-/dsh-typert-protocol-0.0.1-rc.5.tgz",
      "integrity": "sha512-8ierrjmlloXATrJHeIE6EeItOT0M1kPmk+MTvV4600CD1XuAigVpktYc4HsbXw5jaKzt/jQK4eRCARYWeuvwhw==",
      "license": "BSD-3-Clause",
      "peer": true,
      "peerDependencies": {
        "@deepseek-ai/cordis": "^4.0.1-rc.4",
        "@deepseek-ai/dsh-invariants": "^0.0.1-rc.5"
      }
    },
    "node_modules/@deepseek-ai/dsh-user-approval": {
      "version": "0.0.1-rc.1",
      "resolved": "https://registry.npmjs.org/@deepseek-ai/dsh-user-approval/-/dsh-user-approval-0.0.1-rc.1.tgz",
      "integrity": "sha512-28J7iT2fl9I0haeCRwVIWqhFBO3xG+A1GAdfhLJG/9YkB0F3Cs6FUoRtNQ7pjxkJ6QzELY/gRBE7axCP0ETHcA==",
      "license": "BSD-3-Clause",
      "peer": true,
      "dependencies": {
        "@deepseek-ai/schemastery": "^3.18.1-rc.1"
      },
      "peerDependencies": {
        "@deepseek-ai/cordis": "^4.0.1-rc.1",
        "@deepseek-ai/dsh-agent": "^0.0.1-rc.1",
        "@deepseek-ai/dsh-brand": "^0.0.1-rc.1",
        "@deepseek-ai/dsh-invariants": "^0.0.1-rc.1",
        "@deepseek-ai/dsh-llm": "^0.0.1-rc.1",
        "@deepseek-ai/dsh-scope": "^0.0.1-rc.1",
        "@deepseek-ai/dsh-session": "^0.0.1-rc.1",
        "@deepseek-ai/dsh-system-prompt": "^0.0.1-rc.1"
      }
    },
    "node_modules/@deepseek-ai/schemastery": {
      "version": "3.18.2",
      "resolved": "https://registry.npmjs.org/@deepseek-ai/schemastery/-/schemastery-3.18.2.tgz",
      "integrity": "sha512-njDtZsznjYxok7KLLlHOPyuv2efdWVbSflAHgztSfbMsg+CVraEoRe2DjOCgClYv3ZCSm7WXoaUkbB/+RY7tWQ==",
      "license": "MIT",
      "dependencies": {
        "@deepseek-ai/cosmokit": "^1.8.3",
        "@standard-schema/spec": "^1.1.0"
      }
    },
    "node_modules/@standard-schema/spec": {
      "version": "1.1.0",
      "resolved": "https://registry.npmjs.org/@standard-schema/spec/-/spec-1.1.0.tgz",
      "integrity": "sha512-l2aFy5jALhniG5HgqrD6jXLi/rUWrKvqN/qJx6yoJsgKhblVd+iqqU4RCXavm/jPityDo5TCvKMnpjKnOriy0w==",
      "license": "MIT"
    },
    "node_modules/@types/node": {
      "version": "22.20.1",
      "resolved": "https://registry.npmjs.org/@types/node/-/node-22.20.1.tgz",
      "integrity": "sha512-EANqOCF9QFyra+4pfxUcX9STKJpCLjMbObVzljIJomAWSnuSIEAvyzEU53GaajbXJEgdh0iEcPL+DGvpUd4k1Q==",
      "license": "MIT",
      "dependencies": {
        "undici-types": "~6.21.0"
      }
    },
    "node_modules/core-util-is": {
      "version": "1.0.3",
      "resolved": "https://registry.npmjs.org/core-util-is/-/core-util-is-1.0.3.tgz",
      "integrity": "sha512-ZQBvi1DcpJ4GDqanjucZ2Hj3wEO5pZDS89BWbkcrvdxksJorwUDDZamX9ldFkp9aw2lmBDLgkObEA4DWNJ9FYQ==",
      "license": "MIT"
    },
    "node_modules/https": {
      "version": "1.0.0",
      "resolved": "https://registry.npmjs.org/https/-/https-1.0.0.tgz",
      "integrity": "sha512-4EC57ddXrkaF0x83Oj8sM6SLQHAWXw90Skqu2M4AEWENZ3F02dFJE/GARA8igO79tcgYqGrD7ae4f5L3um2lgg==",
      "license": "ISC"
    },
    "node_modules/image-size": {
      "version": "1.2.1",
      "resolved": "https://registry.npmjs.org/image-size/-/image-size-1.2.1.tgz",
      "integrity": "sha512-rH+46sQJ2dlwfjfhCyNx5thzrv+dtmBIhPHk0zgRUukHzZ/kRueTJXoYYsclBaKcSMBWuGbOFXtioLpzTb5euw==",
      "license": "MIT",
      "dependencies": {
        "queue": "6.0.2"
      },
      "bin": {
        "image-size": "bin/image-size.js"
      },
      "engines": {
        "node": ">=16.x"
      }
    },
    "node_modules/immediate": {
      "version": "3.0.6",
      "resolved": "https://registry.npmjs.org/immediate/-/immediate-3.0.6.tgz",
      "integrity": "sha512-XXOFtyqDjNDAQxVfYxuF7g9Il/IbWmmlQg2MYKOH8ExIT1qg6xc4zyS3HaEEATgs1btfzxq15ciUiY7gjSXRGQ==",
      "license": "MIT"
    },
    "node_modules/inherits": {
      "version": "2.0.4",
      "resolved": "https://registry.npmjs.org/inherits/-/inherits-2.0.4.tgz",
      "integrity": "sha512-k/vGaX4/Yla3WzyMCvTQOXYeIHvqOKtnqBduzTHpzpQZzAskKMhZ2K+EnBiSM9zGSoIFeMpXKxa4dYeZIQqewQ==",
      "license": "ISC"
    },
    "node_modules/isarray": {
      "version": "1.0.0",
      "resolved": "https://registry.npmjs.org/isarray/-/isarray-1.0.0.tgz",
      "integrity": "sha512-VLghIWNM6ELQzo7zwmcg0NmTVyWKYjvIeM83yjp0wRDTmUnrM678fQbcKBo6n2CJEF0szoG//ytg+TKla89ALQ==",
      "license": "MIT"
    },
    "node_modules/jszip": {
      "version": "3.10.1",
      "resolved": "https://registry.npmjs.org/jszip/-/jszip-3.10.1.tgz",
      "integrity": "sha512-xXDvecyTpGLrqFrvkrUSoxxfJI5AH7U8zxxtVclpsUtMCq4JQ290LY8AW5c7Ggnr/Y/oK+bQMbqK2qmtk3pN4g==",
      "license": "(MIT OR GPL-3.0-or-later)",
      "dependencies": {
        "lie": "~3.3.0",
        "pako": "~1.0.2",
        "readable-stream": "~2.3.6",
        "setimmediate": "^1.0.5"
      }
    },
    "node_modules/lie": {
      "version": "3.3.0",
      "resolved": "https://registry.npmjs.org/lie/-/lie-3.3.0.tgz",
      "integrity": "sha512-UaiMJzeWRlEujzAuw5LokY1L5ecNQYZKfmyZ9L7wDHb/p5etKaxXhohBcrw0EYby+G/NA52vRSN4N39dxHAIwQ==",
      "license": "MIT",
      "dependencies": {
        "immediate": "~3.0.5"
      }
    },
    "node_modules/pako": {
      "version": "1.0.11",
      "resolved": "https://registry.npmjs.org/pako/-/pako-1.0.11.tgz",
      "integrity": "sha512-4hLB8Py4zZce5s4yd9XzopqwVv/yGNhV1Bl8NTmCq1763HeK2+EwVTv+leGeL13Dnh2wfbqowVPXCIO0z4taYw==",
      "license": "(MIT AND Zlib)"
    },
    "node_modules/pptxgenjs": {
      "version": "4.0.1",
      "resolved": "https://registry.npmjs.org/pptxgenjs/-/pptxgenjs-4.0.1.tgz",
      "integrity": "sha512-TeJISr8wouAuXw4C1F/mC33xbZs/FuEG6nH9FG1Zj+nuPcGMP5YRHl6X+j3HSUnS1f3at6k75ZZXPMZlA5Lj9A==",
      "license": "MIT",
      "dependencies": {
        "@types/node": "^22.8.1",
        "https": "^1.0.0",
        "image-size": "^1.2.1",
        "jszip": "^3.10.1"
      }
    },
    "node_modules/process-nextick-args": {
      "version": "2.0.1",
      "resolved": "https://registry.npmjs.org/process-nextick-args/-/process-nextick-args-2.0.1.tgz",
      "integrity": "sha512-3ouUOpQhtgrbOa17J7+uxOTpITYWaGP7/AhoR3+A+/1e9skrzelGi/dXzEYyvbxubEF6Wn2ypscTKiKJFFn1ag==",
      "license": "MIT"
    },
    "node_modules/queue": {
      "version": "6.0.2",
      "resolved": "https://registry.npmjs.org/queue/-/queue-6.0.2.tgz",
      "integrity": "sha512-iHZWu+q3IdFZFX36ro/lKBkSvfkztY5Y7HMiPlOUjhupPcG2JMfst2KKEpu5XndviX/3UhFbRngUPNKtgvtZiA==",
      "license": "MIT",
      "dependencies": {
        "inherits": "~2.0.3"
      }
    },
    "node_modules/readable-stream": {
      "version": "2.3.8",
      "resolved": "https://registry.npmjs.org/readable-stream/-/readable-stream-2.3.8.tgz",
      "integrity": "sha512-8p0AUk4XODgIewSi0l8Epjs+EVnWiK7NoDIEGU0HhE7+ZyY8D1IMY7odu5lRrFXGg71L15KG8QrPmum45RTtdA==",
      "license": "MIT",
      "dependencies": {
        "core-util-is": "~1.0.0",
        "inherits": "~2.0.3",
        "isarray": "~1.0.0",
        "process-nextick-args": "~2.0.0",
        "safe-buffer": "~5.1.1",
        "string_decoder": "~1.1.1",
        "util-deprecate": "~1.0.1"
      }
    },
    "node_modules/safe-buffer": {
      "version": "5.1.2",
      "resolved": "https://registry.npmjs.org/safe-buffer/-/safe-buffer-5.1.2.tgz",
      "integrity": "sha512-Gd2UZBJDkXlY7GbJxfsE8/nvKkUEU1G38c1siN6QP6a9PT9MmHB8GnpscSmMJSoF8LOIrt8ud/wPtojys4G6+g==",
      "license": "MIT"
    },
    "node_modules/setimmediate": {
      "version": "1.0.5",
      "resolved": "https://registry.npmjs.org/setimmediate/-/setimmediate-1.0.5.tgz",
      "integrity": "sha512-MATJdZp8sLqDl/68LfQmbP8zKPLQNV6BIZoIgrscFDQ+RsvK/BxeDQOgyxKKoh0y/8h3BqVFnCqQ/gd+reiIXA==",
      "license": "MIT"
    },
    "node_modules/string_decoder": {
      "version": "1.1.1",
      "resolved": "https://registry.npmjs.org/string_decoder/-/string_decoder-1.1.1.tgz",
      "integrity": "sha512-n/ShnvDi6FHbbVfviro+WojiFzv+s8MPMHBczVePfUpDJLwoLT0ht1l4YwBCbi8pJAveEEdnkHyPyTP/mzRfwg==",
      "license": "MIT",
      "dependencies": {
        "safe-buffer": "~5.1.0"
      }
    },
    "node_modules/undici-types": {
      "version": "6.21.0",
      "resolved": "https://registry.npmjs.org/undici-types/-/undici-types-6.21.0.tgz",
      "integrity": "sha512-iwDZqg0QAGrg9Rav5H4n0M64c3mkR59cJ6wQp+7C4nI0gsmExaedaYLNO44eT4AtBBwjbTiGPMlt2Md0T9H9JQ==",
      "license": "MIT"
    },
    "node_modules/util-deprecate": {
      "version": "1.0.2",
      "resolved": "https://registry.npmjs.org/util-deprecate/-/util-deprecate-1.0.2.tgz",
      "integrity": "sha512-EPD5q1uXyFxJpCrLnCc1nHnq3gOa6DZBocAIiI2TaSCA7VCJ1UJDMagCzIkXNsUYfD1daK//LTEQ8xiIbrHtcw==",
      "license": "MIT"
    }
  }
}
